
Microsoft Visual Studio Solution File, Format Version 12.00
# Visual Studio Version 16
VisualStudioVersion = 16.0.32413.511
MinimumVisualStudioVersion = 10.0.40219.1
Project("{FAE04EC0-301F-11D3-BF4B-00C04F79EFBC}") = "CrudUsingADO2", "CrudUsingADO2\CrudUsingADO2.csproj", "{DB3054EC-F2E5-4311-8A79-041487E022D6}"
EndProject
Global
	GlobalSection(SolutionConfigurationPlatforms) = preSolution
		Debug|Any CPU = Debug|Any CPU
		Release|Any CPU = Release|Any CPU
	EndGlobalSection
	GlobalSection(ProjectConfigurationPlatforms) = postSolution
		{DB3054EC-F2E5-4311-8A79-041487E022D6}.Debug|Any CPU.ActiveCfg = Debug|Any CPU
		{DB3054EC-F2E5-4311-8A79-041487E022D6}.Debug|Any CPU.Build.0 = Debug|Any CPU
		{DB3054EC-F2E5-4311-8A79-041487E022D6}.Release|Any CPU.ActiveCfg = Release|Any CPU
		{DB3054EC-F2E5-4311-8A79-041487E022D6}.Release|Any CPU.Build.0 = Release|Any CPU
	EndGlobalSection
	GlobalSection(SolutionProperties) = preSolution
		HideSolutionNode = FALSE
	EndGlobalSection
	GlobalSection(ExtensibilityGlobals) = postSolution
		SolutionGuid = {25876578-506B-4D9B-9C5D-B9FA60F1D44D}
	EndGlobalSection
EndGlobal
